<Solution>
  <Folder Name="/src/">
    <Project Path="src/JobPortal.Shared/JobPortal.Shared.csproj" />
  </Folder>
  <Folder Name="/src/SubscriptionPlan/">
    <Project Path="src/SubscriptionPlan/SubscriptionPlan.AggregateRoot/SubscriptionPlan.AggregateRoot.csproj" />
    <Project Path="src/SubscriptionPlan/SubscriptionPlan.API/SubscriptionPlan.API.csproj" />
    <Project Path="src/SubscriptionPlan/SubscriptionPlan.DTO/SubscriptionPlan.DTO.csproj" />
    <Project Path="src/SubscriptionPlan/SubscriptionPlan.Handler/SubscriptionPlan.Handler.csproj" />
    <Project Path="src/SubscriptionPlan/SubscriptionPlan.Repository/SubscriptionPlan.Repository.csproj" />
  </Folder>
  <Folder Name="/src/UserManagement/">
    <Project Path="src/UserManagement/UserManagement.AggregateRoot/UserManagement.AggregateRoot.csproj" />
    <Project Path="src/UserManagement/UserManagement.API/UserManagement.API.csproj" />
    <Project Path="src/UserManagement/UserManagement.DTO/UserManagement.DTO.csproj" />
    <Project Path="src/UserManagement/UserManagement.Handler/UserManagement.Handler.csproj" />
    <Project Path="src/UserManagement/UserManagement.Repository/UserManagement.Repository.csproj" />
  </Folder>
</Solution>
